// !$*UTF8*$!
{
	archiveVersion = 1;
	classes = {
	};
	objectVersion = 46;
	objects = {

/* Begin PBXBuildFile section */
		5807727C1B21423600378273 /* AppDelegate.swift in Sources */ = {isa = PBXBuildFile; fileRef = 5807727B1B21423600378273 /* AppDelegate.swift */; };
		580772811B21423600378273 /* Main.storyboard in Resources */ = {isa = PBXBuildFile; fileRef = 5807727F1B21423600378273 /* Main.storyboard */; };
		580772831B21423600378273 /* Images.xcassets in Resources */ = {isa = PBXBuildFile; fileRef = 580772821B21423600378273 /* Images.xcassets */; };
		580772861B21423600378273 /* LaunchScreen.xib in Resources */ = {isa = PBXBuildFile; fileRef = 580772841B21423600378273 /* LaunchScreen.xib */; };
		580772921B21423600378273 /* Emoji_DictionaryTests.swift in Sources */ = {isa = PBXBuildFile; fileRef = 580772911B21423600378273 /* Emoji_DictionaryTests.swift */; };
		580772A11B2270E600378273 /* EmojiDetailViewController.swift in Sources */ = {isa = PBXBuildFile; fileRef = 5807729F1B2270E600378273 /* EmojiDetailViewController.swift */; };
		580772A21B2270E600378273 /* EmojiListViewController.swift in Sources */ = {isa = PBXBuildFile; fileRef = 580772A01B2270E600378273 /* EmojiListViewController.swift */; };
/* End PBXBuildFile section */

/* Begin PBXContainerItemProxy section */
		5807728C1B21423600378273 /* PBXContainerItemProxy */ = {
			isa = PBXContainerItemProxy;
			containerPortal = 5807726E1B21423600378273 /* Project object */;
			proxyType = 1;
			remoteGlobalIDString = 580772751B21423600378273;
			remoteInfo = "Emoji Dictionary";
		};
/* End PBXContainerItemProxy section */

/* Begin PBXFileReference section */
		580772761B21423600378273 /* Emoji Dictionary.app */ = {isa = PBXFileReference; explicitFileType = wrapper.application; includeInIndex = 0; path = "Emoji Dictionary.app"; sourceTree = BUILT_PRODUCTS_DIR; };
		5807727A1B21423600378273 /* Info.plist */ = {isa = PBXFileReference; lastKnownFileType = text.plist.xml; path = Info.plist; sourceTree = "<group>"; };
		5807727B1B21423600378273 /* AppDelegate.swift */ = {isa = PBXFileReference; lastKnownFileType = sourcecode.swift; path = AppDelegate.swift; sourceTree = "<group>"; };
		580772801B21423600378273 /* Base */ = {isa = PBXFileReference; lastKnownFileType = file.storyboard; name = Base; path = Base.lproj/Main.storyboard; sourceTree = "<group>"; };
		580772821B21423600378273 /* Images.xcassets */ = {isa = PBXFileReference; lastKnownFileType = folder.assetcatalog; path = Images.xcassets; sourceTree = "<group>"; };
		580772851B21423600378273 /* Base */ = {isa = PBXFileReference; lastKnownFileType = file.xib; name = Base; path = Base.lproj/LaunchScreen.xib; sourceTree = "<group>"; };
		5807728B1B21423600378273 /* Emoji DictionaryTests.xctest */ = {isa = PBXFileReference; explicitFileType = wrapper.cfbundle; includeInIndex = 0; path = "Emoji DictionaryTests.xctest"; sourceTree = BUILT_PRODUCTS_DIR; };
		580772901B21423600378273 /* Info.plist */ = {isa = PBXFileReference; lastKnownFileType = text.plist.xml; path = Info.plist; sourceTree = "<group>"; };
		580772911B21423600378273 /* Emoji_DictionaryTests.swift */ = {isa = PBXFileReference; lastKnownFileType = sourcecode.swift; path = Emoji_DictionaryTests.swift; sourceTree = "<group>"; };
		5807729F1B2270E600378273 /* EmojiDetailViewController.swift */ = {isa = PBXFileReference; fileEncoding = 4; lastKnownFileType = sourcecode.swift; name = EmojiDetailViewController.swift; path = ../EmojiDetailViewController.swift; sourceTree = "<group>"; };
		580772A01B2270E600378273 /* EmojiListViewController.swift */ = {isa = PBXFileReference; fileEncoding = 4; lastKnownFileType = sourcecode.swift; name = EmojiListViewController.swift; path = ../EmojiListViewController.swift; sourceTree = "<group>"; };
/* End PBXFileReference section */

/* Begin PBXFrameworksBuildPhase section */
		580772731B21423600378273 /* Frameworks */ = {
			isa = PBXFrameworksBuildPhase;
			buildActionMask = 2147483647;
			files = (
			);
			runOnlyForDeploymentPostprocessing = 0;
		};
		580772881B21423600378273 /* Frameworks */ = {
			isa = PBXFrameworksBuildPhase;
			buildActionMask = 2147483647;
			files = (
			);
			runOnlyForDeploymentPostprocessing = 0;
		};
/* End PBXFrameworksBuildPhase section */

/* Begin PBXGroup section */
		5807726D1B21423600378273 = {
			isa = PBXGroup;
			children = (
				580772781B21423600378273 /* Emoji Dictionary */,
				5807728E1B21423600378273 /* Emoji DictionaryTests */,
				580772771B21423600378273 /* Products */,
			);
			sourceTree = "<group>";
		};
		580772771B21423600378273 /* Products */ = {
			isa = PBXGroup;
			children = (
				580772761B21423600378273 /* Emoji Dictionary.app */,
				5807728B1B21423600378273 /* Emoji DictionaryTests.xctest */,
			);
			name = Products;
			sourceTree = "<group>";
		};
		580772781B21423600378273 /* Emoji Dictionary */ = {
			isa = PBXGroup;
			children = (
				5807727B1B21423600378273 /* AppDelegate.swift */,
				580772A01B2270E600378273 /* EmojiListViewController.swift */,
				5807729F1B2270E600378273 /* EmojiDetailViewController.swift */,
				5807727F1B21423600378273 /* Main.storyboard */,
				580772821B21423600378273 /* Images.xcassets */,
				580772841B21423600378273 /* LaunchScreen.xib */,
				580772791B21423600378273 /* Supporting Files */,
			);
			path = "Emoji Dictionary";
			sourceTree = "<group>";
		};
		580772791B21423600378273 /* Supporting Files */ = {
			isa = PBXGroup;
			children = (
				5807727A1B21423600378273 /* Info.plist */,
			);
			name = "Supporting Files";
			sourceTree = "<group>";
		};
		5807728E1B21423600378273 /* Emoji DictionaryTests */ = {
			isa = PBXGroup;
			children = (
				580772911B21423600378273 /* Emoji_DictionaryTests.swift */,
				5807728F1B21423600378273 /* Supporting Files */,
			);
			path = "Emoji DictionaryTests";
			sourceTree = "<group>";
		};
		5807728F1B21423600378273 /* Supporting Files */ = {
			isa = PBXGroup;
			children = (
				580772901B21423600378273 /* Info.plist */,
			);
			name = "Supporting Files";
			sourceTree = "<group>";
		};
/* End PBXGroup section */

/* Begin PBXNativeTarget section */
		580772751B21423600378273 /* Emoji Dictionary */ = {
			isa = PBXNativeTarget;
			buildConfigurationList = 580772951B21423600378273 /* Build configuration list for PBXNativeTarget "Emoji Dictionary" */;
			buildPhases = (
				580772721B21423600378273 /* Sources */,
				580772731B21423600378273 /* Frameworks */,
				580772741B21423600378273 /* Resources */,
			);
			buildRules = (
			);
			dependencies = (
			);
			name = "Emoji Dictionary";
			productName = "Emoji Dictionary";
			productReference = 580772761B21423600378273 /* Emoji Dictionary.app */;
			productType = "com.apple.product-type.application";
		};
		5807728A1B21423600378273 /* Emoji DictionaryTests */ = {
			isa = PBXNativeTarget;
			buildConfigurationList = 580772981B21423600378273 /* Build configuration list for PBXNativeTarget "Emoji DictionaryTests" */;
			buildPhases = (
				580772871B21423600378273 /* Sources */,
				580772881B21423600378273 /* Frameworks */,
				580772891B21423600378273 /* Resources */,
			);
			buildRules = (
			);
			dependencies = (
				5807728D1B21423600378273 /* PBXTargetDependency */,
			);
			name = "Emoji DictionaryTests";
			productName = "Emoji DictionaryTests";
			productReference = 5807728B1B21423600378273 /* Emoji DictionaryTests.xctest */;
			productType = "com.apple.product-type.bundle.unit-test";
		};
/* End PBXNativeTarget section */

/* Begin PBXProject section */
		5807726E1B21423600378273 /* Project object */ = {
			isa = PBXProject;
			attributes = {
				LastUpgradeCheck = 0630;
				ORGANIZATIONNAME = "Marvin Turner";
				TargetAttributes = {
					580772751B21423600378273 = {
						CreatedOnToolsVersion = 6.3.2;
					};
					5807728A1B21423600378273 = {
						CreatedOnToolsVersion = 6.3.2;
						TestTargetID = 580772751B21423600378273;
					};
				};
			};
			buildConfigurationList = 580772711B21423600378273 /* Build configuration list for PBXProject "Emoji Dictionary" */;
			compatibilityVersion = "Xcode 3.2";
			developmentRegion = English;
			hasScannedForEncodings = 0;
			knownRegions = (
				en,
				Base,
			);
			mainGroup = 5807726D1B21423600378273;
			productRefGroup = 580772771B21423600378273 /* Products */;
			projectDirPath = "";
			projectRoot = "";
			targets = (
				580772751B21423600378273 /* Emoji Dictionary */,
				5807728A1B21423600378273 /* Emoji DictionaryTests */,
			);
		};
/* End PBXProject section */

/* Begin PBXResourcesBuildPhase section */
		580772741B21423600378273 /* Resources */ = {
			isa = PBXResourcesBuildPhase;
			buildActionMask = 2147483647;
			files = (
				580772811B21423600378273 /* Main.storyboard in Resources */,
				580772861B21423600378273 /* LaunchScreen.xib in Resources */,
				580772831B21423600378273 /* Images.xcassets in Resources */,
			);
			runOnlyForDeploymentPostprocessing = 0;
		};
		580772891B21423600378273 /* Resources */ = {
			isa = PBXResourcesBuildPhase;
			buildActionMask = 2147483647;
			files = (
			);
			runOnlyForDeploymentPostprocessing = 0;
		};
/* End PBXResourcesBuildPhase section */

/* Begin PBXSourcesBuildPhase section */
		580772721B21423600378273 /* Sources */ = {
			isa = PBXSourcesBuildPhase;
			buildActionMask = 2147483647;
			files = (
				580772A11B2270E600378273 /* EmojiDetailViewController.swift in Sources */,
				580772A21B2270E600378273 /* EmojiListViewController.swift in Sources */,
				5807727C1B21423600378273 /* AppDelegate.swift in Sources */,
			);
			runOnlyForDeploymentPostprocessing = 0;
		};
		580772871B21423600378273 /* Sources */ = {
			isa = PBXSourcesBuildPhase;
			buildActionMask = 2147483647;
			files = (
				580772921B21423600378273 /* Emoji_DictionaryTests.swift in Sources */,
			);
			runOnlyForDeploymentPostprocessing = 0;
		};
/* End PBXSourcesBuildPhase section */

/* Begin PBXTargetDependency section */
		5807728D1B21423600378273 /* PBXTargetDependency */ = {
			isa = PBXTargetDependency;
			target = 580772751B21423600378273 /* Emoji Dictionary */;
			targetProxy = 5807728C1B21423600378273 /* PBXContainerItemProxy */;
		};
/* End PBXTargetDependency section */

/* Begin PBXVariantGroup section */
		5807727F1B21423600378273 /* Main.storyboard */ = {
			isa = PBXVariantGroup;
			children = (
				580772801B21423600378273 /* Base */,
			);
			name = Main.storyboard;
			sourceTree = "<group>";
		};
		580772841B21423600378273 /* LaunchScreen.xib */ = {
			isa = PBXVariantGroup;
			children = (
				580772851B21423600378273 /* Base */,
			);
			name = LaunchScreen.xib;
			sourceTree = "<group>";
		};
/* End PBXVariantGroup section */

/* Begin XCBuildConfiguration section */
		580772931B21423600378273 /* Debug */ = {
			isa = XCBuildConfiguration;
			buildSettings = {
				ALWAYS_SEARCH_USER_PATHS = NO;
				CLANG_CXX_LANGUAGE_STANDARD = "gnu++0x";
				CLANG_CXX_LIBRARY = "libc++";
				CLANG_ENABLE_MODULES = YES;
				CLANG_ENABLE_OBJC_ARC = YES;
				CLANG_WARN_BOOL_CONVERSION = YES;
				CLANG_WARN_CONSTANT_CONVERSION = YES;
				CLANG_WARN_DIRECT_OBJC_ISA_USAGE = YES_ERROR;
				CLANG_WARN_EMPTY_BODY = YES;
				CLANG_WARN_ENUM_CONVERSION = YES;
				CLANG_WARN_INT_CONVERSION = YES;
				CLANG_WARN_OBJC_ROOT_CLASS = YES_ERROR;
				CLANG_WARN_UNREACHABLE_CODE = YES;
				CLANG_WARN__DUPLICATE_METHOD_MATCH = YES;
				"CODE_SIGN_IDENTITY[sdk=iphoneos*]" = "iPhone Developer";
				COPY_PHASE_STRIP = NO;
				DEBUG_INFORMATION_FORMAT = "dwarf-with-dsym";
				ENABLE_STRICT_OBJC_MSGSEND = YES;
				GCC_C_LANGUAGE_STANDARD = gnu99;
				GCC_DYNAMIC_NO_PIC = NO;
				GCC_NO_COMMON_BLOCKS = YES;
				GCC_OPTIMIZATION_LEVEL = 0;
				GCC_PREPROCESSOR_DEFINITIONS = (
					"DEBUG=1",
					"$(inherited)",
				);
				GCC_SYMBOLS_PRIVATE_EXTERN = NO;
				GCC_WARN_64_TO_32_BIT_CONVERSION = YES;
				GCC_WARN_ABOUT_RETURN_TYPE = YES_ERROR;
				GCC_WARN_UNDECLARED_SELECTOR = YES;
				GCC_WARN_UNINITIALIZED_AUTOS = YES_AGGRESSIVE;
				GCC_WARN_UNUSED_FUNCTION = YES;
				GCC_WARN_UNUSED_VARIABLE = YES;
				IPHONEOS_DEPLOYMENT_TARGET = 8.3;
				MTL_ENABLE_DEBUG_INFO = YES;
				ONLY_ACTIVE_ARCH = YES;
				SDKROOT = iphoneos;
				SWIFT_OPTIMIZATION_LEVEL = "-Onone";
				TARGETED_DEVICE_FAMILY = "1,2";
			};
			name = Debug;
		};
		580772941B21423600378273 /* Release */ = {
			isa = XCBuildConfiguration;
			buildSettings = {
				ALWAYS_SEARCH_USER_PATHS = NO;
				CLANG_CXX_LANGUAGE_STANDARD = "gnu++0x";
				CLANG_CXX_LIBRARY = "libc++";
				CLANG_ENABLE_MODULES = YES;
				CLANG_ENABLE_OBJC_ARC = YES;
				CLANG_WARN_BOOL_CONVERSION = YES;
				CLANG_WARN_CONSTANT_CONVERSION = YES;
				CLANG_WARN_DIRECT_OBJC_ISA_USAGE = YES_ERROR;
				CLANG_WARN_EMPTY_BODY = YES;
				CLANG_WARN_ENUM_CONVERSION = YES;
				CLANG_WARN_INT_CONVERSION = YES;
				CLANG_WARN_OBJC_ROOT_CLASS = YES_ERROR;
				CLANG_WARN_UNREACHABLE_CODE = YES;
				CLANG_WARN__DUPLICATE_METHOD_MATCH = YES;
				"CODE_SIGN_IDENTITY[sdk=iphoneos*]" = "iPhone Developer";
				COPY_PHASE_STRIP = NO;
				DEBUG_INFORMATION_FORMAT = "dwarf-with-dsym";
				ENABLE_NS_ASSERTIONS = NO;
				ENABLE_STRICT_OBJC_MSGSEND = YES;
				GCC_C_LANGUAGE_STANDARD = gnu99;
				GCC_NO_COMMON_BLOCKS = YES;
				GCC_WARN_64_TO_32_BIT_CONVERSION = YES;
				GCC_WARN_ABOUT_RETURN_TYPE = YES_ERROR;
				GCC_WARN_UNDECLARED_SELECTOR = YES;
				GCC_WARN_UNINITIALIZED_AUTOS = YES_AGGRESSIVE;
				GCC_WARN_UNUSED_FUNCTION = YES;
				GCC_WARN_UNUSED_VARIABLE = YES;
				IPHONEOS_DEPLOYMENT_TARGET = 8.3;
				MTL_ENABLE_DEBUG_INFO = NO;
				SDKROOT = iphoneos;
				TARGETED_DEVICE_FAMILY = "1,2";
				VALIDATE_PRODUCT = YES;
			};
			name = Release;
		};
		580772961B21423600378273 /* Debug */ = {
			isa = XCBuildConfiguration;
			buildSettings = {
				ASSETCATALOG_COMPILER_APPICON_NAME = AppIcon;
				INFOPLIST_FILE = "Emoji Dictionary/Info.plist";
				LD_RUNPATH_SEARCH_PATHS = "$(inherited) @executable_path/Frameworks";
				PRODUCT_NAME = "$(TARGET_NAME)";
			};
			name = Debug;
		};
		580772971B21423600378273 /* Release */ = {
			isa = XCBuildConfiguration;
			buildSettings = {
				ASSETCATALOG_COMPILER_APPICON_NAME = AppIcon;
				INFOPLIST_FILE = "Emoji Dictionary/Info.plist";
				LD_RUNPATH_SEARCH_PATHS = "$(inherited) @executable_path/Frameworks";
				PRODUCT_NAME = "$(TARGET_NAME)";
			};
			name = Release;
		};
		580772991B21423600378273 /* Debug */ = {
			isa = XCBuildConfiguration;
			buildSettings = {
				BUNDLE_LOADER = "$(TEST_HOST)";
				FRAMEWORK_SEARCH_PATHS = (
					"$(SDKROOT)/Developer/Library/Frameworks",
					"$(inherited)",
				);
				GCC_PREPROCESSOR_DEFINITIONS = (
					"DEBUG=1",
					"$(inherited)",
				);
				INFOPLIST_FILE = "Emoji DictionaryTests/Info.plist";
				LD_RUNPATH_SEARCH_PATHS = "$(inherited) @executable_path/Frameworks @loader_path/Frameworks";
				PRODUCT_NAME = "$(TARGET_NAME)";
				TEST_HOST = "$(BUILT_PRODUCTS_DIR)/Emoji Dictionary.app/Emoji Dictionary";
			};
			name = Debug;
		};
		5807729A1B21423600378273 /* Release */ = {
			isa = XCBuildConfiguration;
			buildSettings = {
				BUNDLE_LOADER = "$(TEST_HOST)";
				FRAMEWORK_SEARCH_PATHS = (
					"$(SDKROOT)/Developer/Library/Frameworks",
					"$(inherited)",
				);
				INFOPLIST_FILE = "Emoji DictionaryTests/Info.plist";
				LD_RUNPATH_SEARCH_PATHS = "$(inherited) @executable_path/Frameworks @loader_path/Frameworks";
				PRODUCT_NAME = "$(TARGET_NAME)";
				TEST_HOST = "$(BUILT_PRODUCTS_DIR)/Emoji Dictionary.app/Emoji Dictionary";
			};
			name = Release;
		};
/* End XCBuildConfiguration section */

/* Begin XCConfigurationList section */
		580772711B21423600378273 /* Build configuration list for PBXProject "Emoji Dictionary" */ = {
			isa = XCConfigurationList;
			buildConfigurations = (
				580772931B21423600378273 /* Debug */,
				580772941B21423600378273 /* Release */,
			);
			defaultConfigurationIsVisible = 0;
			defaultConfigurationName = Release;
		};
		580772951B21423600378273 /* Build configuration list for PBXNativeTarget "Emoji Dictionary" */ = {
			isa = XCConfigurationList;
			buildConfigurations = (
				580772961B21423600378273 /* Debug */,
				580772971B21423600378273 /* Release */,
			);
			defaultConfigurationIsVisible = 0;
			defaultConfigurationName = Release;
		};
		580772981B21423600378273 /* Build configuration list for PBXNativeTarget "Emoji DictionaryTests" */ = {
			isa = XCConfigurationList;
			buildConfigurations = (
				580772991B21423600378273 /* Debug */,
				5807729A1B21423600378273 /* Release */,
			);
			defaultConfigurationIsVisible = 0;
			defaultConfigurationName = Release;
		};
/* End XCConfigurationList section */
	};
	rootObject = 5807726E1B21423600378273 /* Project object */;
}
